// !$*UTF8*$!
{
	archiveVersion = 1;
	classes = {
	};
	objectVersion = 51;
	objects = {

/* Begin PBXBuildFile section */
		170C1F6E9B40D4CFAE5EED7B /* Pods_swipe_card_UI_swipe_card_UIUITests.framework in Frameworks */ = {isa = PBXBuildFile; fileRef = 5392C5E3DDA1F763860326D7 /* Pods_swipe_card_UI_swipe_card_UIUITests.framework */; };
		940E56CD598B6A6CAA696D60 /* Pods_swipe_card_UI.framework in Frameworks */ = {isa = PBXBuildFile; fileRef = 2E417B50BE79C846B57B449D /* Pods_swipe_card_UI.framework */; };
		9F75AE300679BD95A3A6B63F /* Pods_swipe_card_UITests.framework in Frameworks */ = {isa = PBXBuildFile; fileRef = E0A9CDD1DD68DC79EFBDEDB1 /* Pods_swipe_card_UITests.framework */; };
		A0346A7724797BFB003A0E8E /* GoogleService-Info.plist in Resources */ = {isa = PBXBuildFile; fileRef = A0346A7624797BFB003A0E8E /* GoogleService-Info.plist */; };
		A0414A5D23143CC8002DE53C /* AppDelegate.swift in Sources */ = {isa = PBXBuildFile; fileRef = A0414A5C23143CC8002DE53C /* AppDelegate.swift */; };
		A0414A6423143CC9002DE53C /* Assets.xcassets in Resources */ = {isa = PBXBuildFile; fileRef = A0414A6323143CC9002DE53C /* Assets.xcassets */; };
		A0414A7223143CC9002DE53C /* swipe_card_UITests.swift in Sources */ = {isa = PBXBuildFile; fileRef = A0414A7123143CC9002DE53C /* swipe_card_UITests.swift */; };
		A0414A7D23143CC9002DE53C /* swipe_card_UIUITests.swift in Sources */ = {isa = PBXBuildFile; fileRef = A0414A7C23143CC9002DE53C /* swipe_card_UIUITests.swift */; };
		A0414A8F23143F99002DE53C /* CardViewModel.swift in Sources */ = {isa = PBXBuildFile; fileRef = A0414A8E23143F99002DE53C /* CardViewModel.swift */; };
		A0414A91231440BA002DE53C /* Card.swift in Sources */ = {isa = PBXBuildFile; fileRef = A0414A90231440BA002DE53C /* Card.swift */; };
		A0414A94231440E2002DE53C /* Car.swift in Sources */ = {isa = PBXBuildFile; fileRef = A0414A93231440E2002DE53C /* Car.swift */; };
		A0414A9623144105002DE53C /* Person.swift in Sources */ = {isa = PBXBuildFile; fileRef = A0414A9523144105002DE53C /* Person.swift */; };
		A0414A9823144112002DE53C /* HomeController.swift in Sources */ = {isa = PBXBuildFile; fileRef = A0414A9723144112002DE53C /* HomeController.swift */; };
		A0414A9A2314412C002DE53C /* Pet.swift in Sources */ = {isa = PBXBuildFile; fileRef = A0414A992314412B002DE53C /* Pet.swift */; };
		A0414A9C2314413D002DE53C /* Home.swift in Sources */ = {isa = PBXBuildFile; fileRef = A0414A9B2314413D002DE53C /* Home.swift */; };
		A0414A9E23145B35002DE53C /* BottomControls.swift in Sources */ = {isa = PBXBuildFile; fileRef = A0414A9D23145B35002DE53C /* BottomControls.swift */; };
		A0414AA023145B41002DE53C /* NavBar.swift in Sources */ = {isa = PBXBuildFile; fileRef = A0414A9F23145B41002DE53C /* NavBar.swift */; };
		A0414AA223145C7D002DE53C /* MatchView.swift in Sources */ = {isa = PBXBuildFile; fileRef = A0414AA123145C7D002DE53C /* MatchView.swift */; };
		A0414AA623145C9A002DE53C /* KeepSwipingButton.swift in Sources */ = {isa = PBXBuildFile; fileRef = A0414AA523145C9A002DE53C /* KeepSwipingButton.swift */; };
		A0414AA9231473B8002DE53C /* UIView+DropShadow.swift in Sources */ = {isa = PBXBuildFile; fileRef = A0414AA8231473B8002DE53C /* UIView+DropShadow.swift */; };
		A0414AAB2314773F002DE53C /* BottomButton.swift in Sources */ = {isa = PBXBuildFile; fileRef = A0414AAA2314773F002DE53C /* BottomButton.swift */; };
		A0414AAD231477E8002DE53C /* UIColor+AppColours.swift in Sources */ = {isa = PBXBuildFile; fileRef = A0414AAC231477E8002DE53C /* UIColor+AppColours.swift */; };
		A0414AB123153CA8002DE53C /* MatchedViewModel.swift in Sources */ = {isa = PBXBuildFile; fileRef = A0414AB023153CA8002DE53C /* MatchedViewModel.swift */; };
		A0414AB523166A22002DE53C /* CircularImageView.swift in Sources */ = {isa = PBXBuildFile; fileRef = A0414AB423166A22002DE53C /* CircularImageView.swift */; };
		A0414AB72316CC39002DE53C /* HomeController+Methods.swift in Sources */ = {isa = PBXBuildFile; fileRef = A0414AB62316CC39002DE53C /* HomeController+Methods.swift */; };
		A0736BF42479874F00144300 /* FirestoreService.swift in Sources */ = {isa = PBXBuildFile; fileRef = A0736BF32479874F00144300 /* FirestoreService.swift */; };
		A0736BF824799FB800144300 /* UIView+ConstraintsEqualTo.swift in Sources */ = {isa = PBXBuildFile; fileRef = A0736BF724799FB800144300 /* UIView+ConstraintsEqualTo.swift */; };
		A0736BFA2479A2BE00144300 /* UIView+CenteringConstraints.swift in Sources */ = {isa = PBXBuildFile; fileRef = A0736BF92479A2BE00144300 /* UIView+CenteringConstraints.swift */; };
		A0736BFD2479B19900144300 /* UIView+BorderConstraints.swift in Sources */ = {isa = PBXBuildFile; fileRef = A0736BFC2479B19900144300 /* UIView+BorderConstraints.swift */; };
		A0AC9DA72479B4C10052D8B9 /* UIView+Constraints.swift in Sources */ = {isa = PBXBuildFile; fileRef = A0AC9DA62479B4C10052D8B9 /* UIView+Constraints.swift */; };
		A0C2E61B247881B5001399F2 /* Post.swift in Sources */ = {isa = PBXBuildFile; fileRef = A0C2E61A247881B5001399F2 /* Post.swift */; };
		A0E1D0722479D1F9003E1EA9 /* UIButton+ConvenienceInit.swift in Sources */ = {isa = PBXBuildFile; fileRef = A0E1D0712479D1F9003E1EA9 /* UIButton+ConvenienceInit.swift */; };
/* End PBXBuildFile section */

/* Begin PBXContainerItemProxy section */
		A0414A6E23143CC9002DE53C /* PBXContainerItemProxy */ = {
			isa = PBXContainerItemProxy;
			containerPortal = A0414A5123143CC8002DE53C /* Project object */;
			proxyType = 1;
			remoteGlobalIDString = A0414A5823143CC8002DE53C;
			remoteInfo = swipe_card_UI;
		};
		A0414A7923143CC9002DE53C /* PBXContainerItemProxy */ = {
			isa = PBXContainerItemProxy;
			containerPortal = A0414A5123143CC8002DE53C /* Project object */;
			proxyType = 1;
			remoteGlobalIDString = A0414A5823143CC8002DE53C;
			remoteInfo = swipe_card_UI;
		};
/* End PBXContainerItemProxy section */

/* Begin PBXFileReference section */
		2E417B50BE79C846B57B449D /* Pods_swipe_card_UI.framework */ = {isa = PBXFileReference; explicitFileType = wrapper.framework; includeInIndex = 0; path = Pods_swipe_card_UI.framework; sourceTree = BUILT_PRODUCTS_DIR; };
		5392C5E3DDA1F763860326D7 /* Pods_swipe_card_UI_swipe_card_UIUITests.framework */ = {isa = PBXFileReference; explicitFileType = wrapper.framework; includeInIndex = 0; path = Pods_swipe_card_UI_swipe_card_UIUITests.framework; sourceTree = BUILT_PRODUCTS_DIR; };
		92AD2B2735AC122D73D67090 /* Pods-swipe_card_UITests.debug.xcconfig */ = {isa = PBXFileReference; includeInIndex = 1; lastKnownFileType = text.xcconfig; name = "Pods-swipe_card_UITests.debug.xcconfig"; path = "Target Support Files/Pods-swipe_card_UITests/Pods-swipe_card_UITests.debug.xcconfig"; sourceTree = "<group>"; };
		A0346A7624797BFB003A0E8E /* GoogleService-Info.plist */ = {isa = PBXFileReference; fileEncoding = 4; lastKnownFileType = text.plist.xml; path = "GoogleService-Info.plist"; sourceTree = "<group>"; };
		A0414A5923143CC8002DE53C /* swipe_card_UI.app */ = {isa = PBXFileReference; explicitFileType = wrapper.application; includeInIndex = 0; path = swipe_card_UI.app; sourceTree = BUILT_PRODUCTS_DIR; };
		A0414A5C23143CC8002DE53C /* AppDelegate.swift */ = {isa = PBXFileReference; lastKnownFileType = sourcecode.swift; path = AppDelegate.swift; sourceTree = "<group>"; };
		A0414A6323143CC9002DE53C /* Assets.xcassets */ = {isa = PBXFileReference; lastKnownFileType = folder.assetcatalog; path = Assets.xcassets; sourceTree = "<group>"; };
		A0414A6823143CC9002DE53C /* Info.plist */ = {isa = PBXFileReference; lastKnownFileType = text.plist.xml; path = Info.plist; sourceTree = "<group>"; };
		A0414A6D23143CC9002DE53C /* swipe_card_UITests.xctest */ = {isa = PBXFileReference; explicitFileType = wrapper.cfbundle; includeInIndex = 0; path = swipe_card_UITests.xctest; sourceTree = BUILT_PRODUCTS_DIR; };
		A0414A7123143CC9002DE53C /* swipe_card_UITests.swift */ = {isa = PBXFileReference; lastKnownFileType = sourcecode.swift; path = swipe_card_UITests.swift; sourceTree = "<group>"; };
		A0414A7323143CC9002DE53C /* Info.plist */ = {isa = PBXFileReference; lastKnownFileType = text.plist.xml; path = Info.plist; sourceTree = "<group>"; };
		A0414A7823143CC9002DE53C /* swipe_card_UIUITests.xctest */ = {isa = PBXFileReference; explicitFileType = wrapper.cfbundle; includeInIndex = 0; path = swipe_card_UIUITests.xctest; sourceTree = BUILT_PRODUCTS_DIR; };
		A0414A7C23143CC9002DE53C /* swipe_card_UIUITests.swift */ = {isa = PBXFileReference; lastKnownFileType = sourcecode.swift; path = swipe_card_UIUITests.swift; sourceTree = "<group>"; };
		A0414A7E23143CC9002DE53C /* Info.plist */ = {isa = PBXFileReference; lastKnownFileType = text.plist.xml; path = Info.plist; sourceTree = "<group>"; };
		A0414A8E23143F99002DE53C /* CardViewModel.swift */ = {isa = PBXFileReference; lastKnownFileType = sourcecode.swift; path = CardViewModel.swift; sourceTree = "<group>"; };
		A0414A90231440BA002DE53C /* Card.swift */ = {isa = PBXFileReference; lastKnownFileType = sourcecode.swift; path = Card.swift; sourceTree = "<group>"; };
		A0414A93231440E2002DE53C /* Car.swift */ = {isa = PBXFileReference; lastKnownFileType = sourcecode.swift; path = Car.swift; sourceTree = "<group>"; };
		A0414A9523144105002DE53C /* Person.swift */ = {isa = PBXFileReference; lastKnownFileType = sourcecode.swift; path = Person.swift; sourceTree = "<group>"; };
		A0414A9723144112002DE53C /* HomeController.swift */ = {isa = PBXFileReference; lastKnownFileType = sourcecode.swift; path = HomeController.swift; sourceTree = "<group>"; };
		A0414A992314412B002DE53C /* Pet.swift */ = {isa = PBXFileReference; lastKnownFileType = sourcecode.swift; path = Pet.swift; sourceTree = "<group>"; };
		A0414A9B2314413D002DE53C /* Home.swift */ = {isa = PBXFileReference; lastKnownFileType = sourcecode.swift; path = Home.swift; sourceTree = "<group>"; };
		A0414A9D23145B35002DE53C /* BottomControls.swift */ = {isa = PBXFileReference; lastKnownFileType = sourcecode.swift; path = BottomControls.swift; sourceTree = "<group>"; };
		A0414A9F23145B41002DE53C /* NavBar.swift */ = {isa = PBXFileReference; lastKnownFileType = sourcecode.swift; path = NavBar.swift; sourceTree = "<group>"; };
		A0414AA123145C7D002DE53C /* MatchView.swift */ = {isa = PBXFileReference; lastKnownFileType = sourcecode.swift; path = MatchView.swift; sourceTree = "<group>"; };
		A0414AA523145C9A002DE53C /* KeepSwipingButton.swift */ = {isa = PBXFileReference; lastKnownFileType = sourcecode.swift; path = KeepSwipingButton.swift; sourceTree = "<group>"; };
		A0414AA8231473B8002DE53C /* UIView+DropShadow.swift */ = {isa = PBXFileReference; lastKnownFileType = sourcecode.swift; path = "UIView+DropShadow.swift"; sourceTree = "<group>"; };
		A0414AAA2314773F002DE53C /* BottomButton.swift */ = {isa = PBXFileReference; lastKnownFileType = sourcecode.swift; path = BottomButton.swift; sourceTree = "<group>"; };
		A0414AAC231477E8002DE53C /* UIColor+AppColours.swift */ = {isa = PBXFileReference; lastKnownFileType = sourcecode.swift; path = "UIColor+AppColours.swift"; sourceTree = "<group>"; };
		A0414AB023153CA8002DE53C /* MatchedViewModel.swift */ = {isa = PBXFileReference; lastKnownFileType = sourcecode.swift; path = MatchedViewModel.swift; sourceTree = "<group>"; };
		A0414AB423166A22002DE53C /* CircularImageView.swift */ = {isa = PBXFileReference; lastKnownFileType = sourcecode.swift; path = CircularImageView.swift; sourceTree = "<group>"; };
		A0414AB62316CC39002DE53C /* HomeController+Methods.swift */ = {isa = PBXFileReference; lastKnownFileType = sourcecode.swift; path = "HomeController+Methods.swift"; sourceTree = "<group>"; };
		A0736BF32479874F00144300 /* FirestoreService.swift */ = {isa = PBXFileReference; lastKnownFileType = sourcecode.swift; path = FirestoreService.swift; sourceTree = "<group>"; };
		A0736BF724799FB800144300 /* UIView+ConstraintsEqualTo.swift */ = {isa = PBXFileReference; lastKnownFileType = sourcecode.swift; path = "UIView+ConstraintsEqualTo.swift"; sourceTree = "<group>"; };
		A0736BF92479A2BE00144300 /* UIView+CenteringConstraints.swift */ = {isa = PBXFileReference; lastKnownFileType = sourcecode.swift; path = "UIView+CenteringConstraints.swift"; sourceTree = "<group>"; };
		A0736BFC2479B19900144300 /* UIView+BorderConstraints.swift */ = {isa = PBXFileReference; lastKnownFileType = sourcecode.swift; path = "UIView+BorderConstraints.swift"; sourceTree = "<group>"; };
		A083959A9F134A85D08FB1E7 /* Pods-swipe_card_UI.debug.xcconfig */ = {isa = PBXFileReference; includeInIndex = 1; lastKnownFileType = text.xcconfig; name = "Pods-swipe_card_UI.debug.xcconfig"; path = "Target Support Files/Pods-swipe_card_UI/Pods-swipe_card_UI.debug.xcconfig"; sourceTree = "<group>"; };
		A0AC9DA62479B4C10052D8B9 /* UIView+Constraints.swift */ = {isa = PBXFileReference; lastKnownFileType = sourcecode.swift; path = "UIView+Constraints.swift"; sourceTree = "<group>"; };
		A0C2E61A247881B5001399F2 /* Post.swift */ = {isa = PBXFileReference; lastKnownFileType = sourcecode.swift; path = Post.swift; sourceTree = "<group>"; };
		A0E1D0712479D1F9003E1EA9 /* UIButton+ConvenienceInit.swift */ = {isa = PBXFileReference; lastKnownFileType = sourcecode.swift; path = "UIButton+ConvenienceInit.swift"; sourceTree = "<group>"; };
		B416B0CE6FB2606D48D340E8 /* Pods-swipe_card_UI-swipe_card_UIUITests.release.xcconfig */ = {isa = PBXFileReference; includeInIndex = 1; lastKnownFileType = text.xcconfig; name = "Pods-swipe_card_UI-swipe_card_UIUITests.release.xcconfig"; path = "Target Support Files/Pods-swipe_card_UI-swipe_card_UIUITests/Pods-swipe_card_UI-swipe_card_UIUITests.release.xcconfig"; sourceTree = "<group>"; };
		B70284FA7E6BCD52CE020EE7 /* Pods-swipe_card_UI-swipe_card_UIUITests.debug.xcconfig */ = {isa = PBXFileReference; includeInIndex = 1; lastKnownFileType = text.xcconfig; name = "Pods-swipe_card_UI-swipe_card_UIUITests.debug.xcconfig"; path = "Target Support Files/Pods-swipe_card_UI-swipe_card_UIUITests/Pods-swipe_card_UI-swipe_card_UIUITests.debug.xcconfig"; sourceTree = "<group>"; };
		D745A9AD7B83691A24D03801 /* Pods-swipe_card_UITests.release.xcconfig */ = {isa = PBXFileReference; includeInIndex = 1; lastKnownFileType = text.xcconfig; name = "Pods-swipe_card_UITests.release.xcconfig"; path = "Target Support Files/Pods-swipe_card_UITests/Pods-swipe_card_UITests.release.xcconfig"; sourceTree = "<group>"; };
		D96D750FB1AD4818DC609734 /* Pods-swipe_card_UI.release.xcconfig */ = {isa = PBXFileReference; includeInIndex = 1; lastKnownFileType = text.xcconfig; name = "Pods-swipe_card_UI.release.xcconfig"; path = "Target Support Files/Pods-swipe_card_UI/Pods-swipe_card_UI.release.xcconfig"; sourceTree = "<group>"; };
		E0A9CDD1DD68DC79EFBDEDB1 /* Pods_swipe_card_UITests.framework */ = {isa = PBXFileReference; explicitFileType = wrapper.framework; includeInIndex = 0; path = Pods_swipe_card_UITests.framework; sourceTree = BUILT_PRODUCTS_DIR; };
/* End PBXFileReference section */

/* Begin PBXFrameworksBuildPhase section */
		A0414A5623143CC8002DE53C /* Frameworks */ = {
			isa = PBXFrameworksBuildPhase;
			buildActionMask = 2147483647;
			files = (
				940E56CD598B6A6CAA696D60 /* Pods_swipe_card_UI.framework in Frameworks */,
			);
			runOnlyForDeploymentPostprocessing = 0;
		};
		A0414A6A23143CC9002DE53C /* Frameworks */ = {
			isa = PBXFrameworksBuildPhase;
			buildActionMask = 2147483647;
			files = (
				9F75AE300679BD95A3A6B63F /* Pods_swipe_card_UITests.framework in Frameworks */,
			);
			runOnlyForDeploymentPostprocessing = 0;
		};
		A0414A7523143CC9002DE53C /* Frameworks */ = {
			isa = PBXFrameworksBuildPhase;
			buildActionMask = 2147483647;
			files = (
				170C1F6E9B40D4CFAE5EED7B /* Pods_swipe_card_UI_swipe_card_UIUITests.framework in Frameworks */,
			);
			runOnlyForDeploymentPostprocessing = 0;
		};
/* End PBXFrameworksBuildPhase section */

/* Begin PBXGroup section */
		A0414A5023143CC8002DE53C = {
			isa = PBXGroup;
			children = (
				A0414A5B23143CC8002DE53C /* swipe_card_UI */,
				A0414A7023143CC9002DE53C /* swipe_card_UITests */,
				A0414A7B23143CC9002DE53C /* swipe_card_UIUITests */,
				A0414A5A23143CC8002DE53C /* Products */,
				EEC5C494EBEA804970B44309 /* Pods */,
				AA129A384E75F2A2D29F807A /* Frameworks */,
			);
			sourceTree = "<group>";
		};
		A0414A5A23143CC8002DE53C /* Products */ = {
			isa = PBXGroup;
			children = (
				A0414A5923143CC8002DE53C /* swipe_card_UI.app */,
				A0414A6D23143CC9002DE53C /* swipe_card_UITests.xctest */,
				A0414A7823143CC9002DE53C /* swipe_card_UIUITests.xctest */,
			);
			name = Products;
			sourceTree = "<group>";
		};
		A0414A5B23143CC8002DE53C /* swipe_card_UI */ = {
			isa = PBXGroup;
			children = (
				A0414AA723147381002DE53C /* Extensions */,
				A0414A8C23143F51002DE53C /* Models */,
				A0414A8D23143F59002DE53C /* Views */,
				A0414A8A23143F42002DE53C /* ViewModels */,
				A0414A8B23143F49002DE53C /* Controllers */,
				A0414A6323143CC9002DE53C /* Assets.xcassets */,
				A0414A5C23143CC8002DE53C /* AppDelegate.swift */,
				A0346A7624797BFB003A0E8E /* GoogleService-Info.plist */,
				A0414A6823143CC9002DE53C /* Info.plist */,
			);
			path = swipe_card_UI;
			sourceTree = "<group>";
		};
		A0414A7023143CC9002DE53C /* swipe_card_UITests */ = {
			isa = PBXGroup;
			children = (
				A0414A7123143CC9002DE53C /* swipe_card_UITests.swift */,
				A0414A7323143CC9002DE53C /* Info.plist */,
			);
			path = swipe_card_UITests;
			sourceTree = "<group>";
		};
		A0414A7B23143CC9002DE53C /* swipe_card_UIUITests */ = {
			isa = PBXGroup;
			children = (
				A0414A7C23143CC9002DE53C /* swipe_card_UIUITests.swift */,
				A0414A7E23143CC9002DE53C /* Info.plist */,
			);
			path = swipe_card_UIUITests;
			sourceTree = "<group>";
		};
		A0414A8A23143F42002DE53C /* ViewModels */ = {
			isa = PBXGroup;
			children = (
				A0414A8E23143F99002DE53C /* CardViewModel.swift */,
				A0414AB023153CA8002DE53C /* MatchedViewModel.swift */,
			);
			path = ViewModels;
			sourceTree = "<group>";
		};
		A0414A8B23143F49002DE53C /* Controllers */ = {
			isa = PBXGroup;
			children = (
				A0414A9723144112002DE53C /* HomeController.swift */,
				A0414AB62316CC39002DE53C /* HomeController+Methods.swift */,
			);
			path = Controllers;
			sourceTree = "<group>";
		};
		A0414A8C23143F51002DE53C /* Models */ = {
			isa = PBXGroup;
			children = (
				A0736BF22479873C00144300 /* Services */,
				A0736BF12479873200144300 /* Posts */,
			);
			path = Models;
			sourceTree = "<group>";
		};
		A0414A8D23143F59002DE53C /* Views */ = {
			isa = PBXGroup;
			children = (
				A0AC9DA92479C8570052D8B9 /* Home Scene */,
				A0AC9DAA2479C8740052D8B9 /* Match Scene */,
			);
			path = Views;
			sourceTree = "<group>";
		};
		A0414AA723147381002DE53C /* Extensions */ = {
			isa = PBXGroup;
			children = (
				A0414AA8231473B8002DE53C /* UIView+DropShadow.swift */,
				A0736BF724799FB800144300 /* UIView+ConstraintsEqualTo.swift */,
				A0736BF92479A2BE00144300 /* UIView+CenteringConstraints.swift */,
				A0736BFC2479B19900144300 /* UIView+BorderConstraints.swift */,
				A0AC9DA62479B4C10052D8B9 /* UIView+Constraints.swift */,
				A0414AAC231477E8002DE53C /* UIColor+AppColours.swift */,
				A0E1D0712479D1F9003E1EA9 /* UIButton+ConvenienceInit.swift */,
			);
			path = Extensions;
			sourceTree = "<group>";
		};
		A0736BF12479873200144300 /* Posts */ = {
			isa = PBXGroup;
			children = (
				A0C2E61A247881B5001399F2 /* Post.swift */,
				A0414A93231440E2002DE53C /* Car.swift */,
				A0414A9523144105002DE53C /* Person.swift */,
				A0414A992314412B002DE53C /* Pet.swift */,
				A0414A9B2314413D002DE53C /* Home.swift */,
			);
			path = Posts;
			sourceTree = "<group>";
		};
		A0736BF22479873C00144300 /* Services */ = {
			isa = PBXGroup;
			children = (
				A0736BF32479874F00144300 /* FirestoreService.swift */,
			);
			path = Services;
			sourceTree = "<group>";
		};
		A0AC9DA92479C8570052D8B9 /* Home Scene */ = {
			isa = PBXGroup;
			children = (
				A0414A90231440BA002DE53C /* Card.swift */,
				A0414A9F23145B41002DE53C /* NavBar.swift */,
				A0414A9D23145B35002DE53C /* BottomControls.swift */,
				A0414AAA2314773F002DE53C /* BottomButton.swift */,
			);
			path = "Home Scene";
			sourceTree = "<group>";
		};
		A0AC9DAA2479C8740052D8B9 /* Match Scene */ = {
			isa = PBXGroup;
			children = (
				A0414AB423166A22002DE53C /* CircularImageView.swift */,
				A0414AA123145C7D002DE53C /* MatchView.swift */,
				A0414AA523145C9A002DE53C /* KeepSwipingButton.swift */,
			);
			path = "Match Scene";
			sourceTree = "<group>";
		};
		AA129A384E75F2A2D29F807A /* Frameworks */ = {
			isa = PBXGroup;
			children = (
				2E417B50BE79C846B57B449D /* Pods_swipe_card_UI.framework */,
				5392C5E3DDA1F763860326D7 /* Pods_swipe_card_UI_swipe_card_UIUITests.framework */,
				E0A9CDD1DD68DC79EFBDEDB1 /* Pods_swipe_card_UITests.framework */,
			);
			name = Frameworks;
			sourceTree = "<group>";
		};
		EEC5C494EBEA804970B44309 /* Pods */ = {
			isa = PBXGroup;
			children = (
				A083959A9F134A85D08FB1E7 /* Pods-swipe_card_UI.debug.xcconfig */,
				D96D750FB1AD4818DC609734 /* Pods-swipe_card_UI.release.xcconfig */,
				B70284FA7E6BCD52CE020EE7 /* Pods-swipe_card_UI-swipe_card_UIUITests.debug.xcconfig */,
				B416B0CE6FB2606D48D340E8 /* Pods-swipe_card_UI-swipe_card_UIUITests.release.xcconfig */,
				92AD2B2735AC122D73D67090 /* Pods-swipe_card_UITests.debug.xcconfig */,
				D745A9AD7B83691A24D03801 /* Pods-swipe_card_UITests.release.xcconfig */,
			);
			path = Pods;
			sourceTree = "<group>";
		};
/* End PBXGroup section */

/* Begin PBXNativeTarget section */
		A0414A5823143CC8002DE53C /* swipe_card_UI */ = {
			isa = PBXNativeTarget;
			buildConfigurationList = A0414A8123143CC9002DE53C /* Build configuration list for PBXNativeTarget "swipe_card_UI" */;
			buildPhases = (
				1B0CC1B32B330F8B168B1D9E /* [CP] Check Pods Manifest.lock */,
				A0414A5523143CC8002DE53C /* Sources */,
				A0414A5623143CC8002DE53C /* Frameworks */,
				A0414A5723143CC8002DE53C /* Resources */,
				13AF7B2AA092398EDFA4F5DA /* [CP] Embed Pods Frameworks */,
			);
			buildRules = (
			);
			dependencies = (
			);
			name = swipe_card_UI;
			productName = swipe_card_UI;
			productReference = A0414A5923143CC8002DE53C /* swipe_card_UI.app */;
			productType = "com.apple.product-type.application";
		};
		A0414A6C23143CC9002DE53C /* swipe_card_UITests */ = {
			isa = PBXNativeTarget;
			buildConfigurationList = A0414A8423143CC9002DE53C /* Build configuration list for PBXNativeTarget "swipe_card_UITests" */;
			buildPhases = (
				C993791BD3F02FDC9C3950EB /* [CP] Check Pods Manifest.lock */,
				A0414A6923143CC9002DE53C /* Sources */,
				A0414A6A23143CC9002DE53C /* Frameworks */,
				A0414A6B23143CC9002DE53C /* Resources */,
			);
			buildRules = (
			);
			dependencies = (
				A0414A6F23143CC9002DE53C /* PBXTargetDependency */,
			);
			name = swipe_card_UITests;
			productName = swipe_card_UITests;
			productReference = A0414A6D23143CC9002DE53C /* swipe_card_UITests.xctest */;
			productType = "com.apple.product-type.bundle.unit-test";
		};
		A0414A7723143CC9002DE53C /* swipe_card_UIUITests */ = {
			isa = PBXNativeTarget;
			buildConfigurationList = A0414A8723143CC9002DE53C /* Build configuration list for PBXNativeTarget "swipe_card_UIUITests" */;
			buildPhases = (
				3337EEEAC81784BD58DBB6CE /* [CP] Check Pods Manifest.lock */,
				A0414A7423143CC9002DE53C /* Sources */,
				A0414A7523143CC9002DE53C /* Frameworks */,
				A0414A7623143CC9002DE53C /* Resources */,
				55E5A47E56CBCB83A771504B /* [CP] Embed Pods Frameworks */,
			);
			buildRules = (
			);
			dependencies = (
				A0414A7A23143CC9002DE53C /* PBXTargetDependency */,
			);
			name = swipe_card_UIUITests;
			productName = swipe_card_UIUITests;
			productReference = A0414A7823143CC9002DE53C /* swipe_card_UIUITests.xctest */;
			productType = "com.apple.product-type.bundle.ui-testing";
		};
/* End PBXNativeTarget section */

/* Begin PBXProject section */
		A0414A5123143CC8002DE53C /* Project object */ = {
			isa = PBXProject;
			attributes = {
				LastSwiftUpdateCheck = 1020;
				LastUpgradeCheck = 1020;
				ORGANIZATIONNAME = "jack-adam-smith";
				TargetAttributes = {
					A0414A5823143CC8002DE53C = {
						CreatedOnToolsVersion = 10.2.1;
					};
					A0414A6C23143CC9002DE53C = {
						CreatedOnToolsVersion = 10.2.1;
						TestTargetID = A0414A5823143CC8002DE53C;
					};
					A0414A7723143CC9002DE53C = {
						CreatedOnToolsVersion = 10.2.1;
						TestTargetID = A0414A5823143CC8002DE53C;
					};
				};
			};
			buildConfigurationList = A0414A5423143CC8002DE53C /* Build configuration list for PBXProject "swipe_card_UI" */;
			compatibilityVersion = "Xcode 9.3";
			developmentRegion = en;
			hasScannedForEncodings = 0;
			knownRegions = (
				en,
				Base,
			);
			mainGroup = A0414A5023143CC8002DE53C;
			productRefGroup = A0414A5A23143CC8002DE53C /* Products */;
			projectDirPath = "";
			projectRoot = "";
			targets = (
				A0414A5823143CC8002DE53C /* swipe_card_UI */,
				A0414A6C23143CC9002DE53C /* swipe_card_UITests */,
				A0414A7723143CC9002DE53C /* swipe_card_UIUITests */,
			);
		};
/* End PBXProject section */

/* Begin PBXResourcesBuildPhase section */
		A0414A5723143CC8002DE53C /* Resources */ = {
			isa = PBXResourcesBuildPhase;
			buildActionMask = 2147483647;
			files = (
				A0414A6423143CC9002DE53C /* Assets.xcassets in Resources */,
				A0346A7724797BFB003A0E8E /* GoogleService-Info.plist in Resources */,
			);
			runOnlyForDeploymentPostprocessing = 0;
		};
		A0414A6B23143CC9002DE53C /* Resources */ = {
			isa = PBXResourcesBuildPhase;
			buildActionMask = 2147483647;
			files = (
			);
			runOnlyForDeploymentPostprocessing = 0;
		};
		A0414A7623143CC9002DE53C /* Resources */ = {
			isa = PBXResourcesBuildPhase;
			buildActionMask = 2147483647;
			files = (
			);
			runOnlyForDeploymentPostprocessing = 0;
		};
/* End PBXResourcesBuildPhase section */

/* Begin PBXShellScriptBuildPhase section */
		13AF7B2AA092398EDFA4F5DA /* [CP] Embed Pods Frameworks */ = {
			isa = PBXShellScriptBuildPhase;
			buildActionMask = 2147483647;
			files = (
			);
			inputFileListPaths = (
				"${PODS_ROOT}/Target Support Files/Pods-swipe_card_UI/Pods-swipe_card_UI-frameworks-${CONFIGURATION}-input-files.xcfilelist",
			);
			name = "[CP] Embed Pods Frameworks";
			outputFileListPaths = (
				"${PODS_ROOT}/Target Support Files/Pods-swipe_card_UI/Pods-swipe_card_UI-frameworks-${CONFIGURATION}-output-files.xcfilelist",
			);
			runOnlyForDeploymentPostprocessing = 0;
			shellPath = /bin/sh;
			shellScript = "\"${PODS_ROOT}/Target Support Files/Pods-swipe_card_UI/Pods-swipe_card_UI-frameworks.sh\"\n";
			showEnvVarsInLog = 0;
		};
		1B0CC1B32B330F8B168B1D9E /* [CP] Check Pods Manifest.lock */ = {
			isa = PBXShellScriptBuildPhase;
			buildActionMask = 2147483647;
			files = (
			);
			inputFileListPaths = (
			);
			inputPaths = (
				"${PODS_PODFILE_DIR_PATH}/Podfile.lock",
				"${PODS_ROOT}/Manifest.lock",
			);
			name = "[CP] Check Pods Manifest.lock";
			outputFileListPaths = (
			);
			outputPaths = (
				"$(DERIVED_FILE_DIR)/Pods-swipe_card_UI-checkManifestLockResult.txt",
			);
			runOnlyForDeploymentPostprocessing = 0;
			shellPath = /bin/sh;
			shellScript = "diff \"${PODS_PODFILE_DIR_PATH}/Podfile.lock\" \"${PODS_ROOT}/Manifest.lock\" > /dev/null\nif [ $? != 0 ] ; then\n    # print error to STDERR\n    echo \"error: The sandbox is not in sync with the Podfile.lock. Run 'pod install' or update your CocoaPods installation.\" >&2\n    exit 1\nfi\n# This output is used by Xcode 'outputs' to avoid re-running this script phase.\necho \"SUCCESS\" > \"${SCRIPT_OUTPUT_FILE_0}\"\n";
			showEnvVarsInLog = 0;
		};
		3337EEEAC81784BD58DBB6CE /* [CP] Check Pods Manifest.lock */ = {
			isa = PBXShellScriptBuildPhase;
			buildActionMask = 2147483647;
			files = (
			);
			inputFileListPaths = (
			);
			inputPaths = (
				"${PODS_PODFILE_DIR_PATH}/Podfile.lock",
				"${PODS_ROOT}/Manifest.lock",
			);
			name = "[CP] Check Pods Manifest.lock";
			outputFileListPaths = (
			);
			outputPaths = (
				"$(DERIVED_FILE_DIR)/Pods-swipe_card_UI-swipe_card_UIUITests-checkManifestLockResult.txt",
			);
			runOnlyForDeploymentPostprocessing = 0;
			shellPath = /bin/sh;
			shellScript = "diff \"${PODS_PODFILE_DIR_PATH}/Podfile.lock\" \"${PODS_ROOT}/Manifest.lock\" > /dev/null\nif [ $? != 0 ] ; then\n    # print error to STDERR\n    echo \"error: The sandbox is not in sync with the Podfile.lock. Run 'pod install' or update your CocoaPods installation.\" >&2\n    exit 1\nfi\n# This output is used by Xcode 'outputs' to avoid re-running this script phase.\necho \"SUCCESS\" > \"${SCRIPT_OUTPUT_FILE_0}\"\n";
			showEnvVarsInLog = 0;
		};
		55E5A47E56CBCB83A771504B /* [CP] Embed Pods Frameworks */ = {
			isa = PBXShellScriptBuildPhase;
			buildActionMask = 2147483647;
			files = (
			);
			inputFileListPaths = (
				"${PODS_ROOT}/Target Support Files/Pods-swipe_card_UI-swipe_card_UIUITests/Pods-swipe_card_UI-swipe_card_UIUITests-frameworks-${CONFIGURATION}-input-files.xcfilelist",
			);
			name = "[CP] Embed Pods Frameworks";
			outputFileListPaths = (
				"${PODS_ROOT}/Target Support Files/Pods-swipe_card_UI-swipe_card_UIUITests/Pods-swipe_card_UI-swipe_card_UIUITests-frameworks-${CONFIGURATION}-output-files.xcfilelist",
			);
			runOnlyForDeploymentPostprocessing = 0;
			shellPath = /bin/sh;
			shellScript = "\"${PODS_ROOT}/Target Support Files/Pods-swipe_card_UI-swipe_card_UIUITests/Pods-swipe_card_UI-swipe_card_UIUITests-frameworks.sh\"\n";
			showEnvVarsInLog = 0;
		};
		C993791BD3F02FDC9C3950EB /* [CP] Check Pods Manifest.lock */ = {
			isa = PBXShellScriptBuildPhase;
			buildActionMask = 2147483647;
			files = (
			);
			inputFileListPaths = (
			);
			inputPaths = (
				"${PODS_PODFILE_DIR_PATH}/Podfile.lock",
				"${PODS_ROOT}/Manifest.lock",
			);
			name = "[CP] Check Pods Manifest.lock";
			outputFileListPaths = (
			);
			outputPaths = (
				"$(DERIVED_FILE_DIR)/Pods-swipe_card_UITests-checkManifestLockResult.txt",
			);
			runOnlyForDeploymentPostprocessing = 0;
			shellPath = /bin/sh;
			shellScript = "diff \"${PODS_PODFILE_DIR_PATH}/Podfile.lock\" \"${PODS_ROOT}/Manifest.lock\" > /dev/null\nif [ $? != 0 ] ; then\n    # print error to STDERR\n    echo \"error: The sandbox is not in sync with the Podfile.lock. Run 'pod install' or update your CocoaPods installation.\" >&2\n    exit 1\nfi\n# This output is used by Xcode 'outputs' to avoid re-running this script phase.\necho \"SUCCESS\" > \"${SCRIPT_OUTPUT_FILE_0}\"\n";
			showEnvVarsInLog = 0;
		};
/* End PBXShellScriptBuildPhase section */

/* Begin PBXSourcesBuildPhase section */
		A0414A5523143CC8002DE53C /* Sources */ = {
			isa = PBXSourcesBuildPhase;
			buildActionMask = 2147483647;
			files = (
				A0414A5D23143CC8002DE53C /* AppDelegate.swift in Sources */,
				A0414AB123153CA8002DE53C /* MatchedViewModel.swift in Sources */,
				A0414A9823144112002DE53C /* HomeController.swift in Sources */,
				A0414AA023145B41002DE53C /* NavBar.swift in Sources */,
				A0414A9C2314413D002DE53C /* Home.swift in Sources */,
				A0AC9DA72479B4C10052D8B9 /* UIView+Constraints.swift in Sources */,
				A0414AA9231473B8002DE53C /* UIView+DropShadow.swift in Sources */,
				A0736BF42479874F00144300 /* FirestoreService.swift in Sources */,
				A0414A9E23145B35002DE53C /* BottomControls.swift in Sources */,
				A0414AAB2314773F002DE53C /* BottomButton.swift in Sources */,
				A0414A9A2314412C002DE53C /* Pet.swift in Sources */,
				A0736BFD2479B19900144300 /* UIView+BorderConstraints.swift in Sources */,
				A0414A8F23143F99002DE53C /* CardViewModel.swift in Sources */,
				A0414A94231440E2002DE53C /* Car.swift in Sources */,
				A0736BF824799FB800144300 /* UIView+ConstraintsEqualTo.swift in Sources */,
				A0414A91231440BA002DE53C /* Card.swift in Sources */,
				A0414AAD231477E8002DE53C /* UIColor+AppColours.swift in Sources */,
				A0414AB523166A22002DE53C /* CircularImageView.swift in Sources */,
				A0414AA623145C9A002DE53C /* KeepSwipingButton.swift in Sources */,
				A0736BFA2479A2BE00144300 /* UIView+CenteringConstraints.swift in Sources */,
				A0C2E61B247881B5001399F2 /* Post.swift in Sources */,
				A0414A9623144105002DE53C /* Person.swift in Sources */,
				A0E1D0722479D1F9003E1EA9 /* UIButton+ConvenienceInit.swift in Sources */,
				A0414AA223145C7D002DE53C /* MatchView.swift in Sources */,
				A0414AB72316CC39002DE53C /* HomeController+Methods.swift in Sources */,
			);
			runOnlyForDeploymentPostprocessing = 0;
		};
		A0414A6923143CC9002DE53C /* Sources */ = {
			isa = PBXSourcesBuildPhase;
			buildActionMask = 2147483647;
			files = (
				A0414A7223143CC9002DE53C /* swipe_card_UITests.swift in Sources */,
			);
			runOnlyForDeploymentPostprocessing = 0;
		};
		A0414A7423143CC9002DE53C /* Sources */ = {
			isa = PBXSourcesBuildPhase;
			buildActionMask = 2147483647;
			files = (
				A0414A7D23143CC9002DE53C /* swipe_card_UIUITests.swift in Sources */,
			);
			runOnlyForDeploymentPostprocessing = 0;
		};
/* End PBXSourcesBuildPhase section */

/* Begin PBXTargetDependency section */
		A0414A6F23143CC9002DE53C /* PBXTargetDependency */ = {
			isa = PBXTargetDependency;
			target = A0414A5823143CC8002DE53C /* swipe_card_UI */;
			targetProxy = A0414A6E23143CC9002DE53C /* PBXContainerItemProxy */;
		};
		A0414A7A23143CC9002DE53C /* PBXTargetDependency */ = {
			isa = PBXTargetDependency;
			target = A0414A5823143CC8002DE53C /* swipe_card_UI */;
			targetProxy = A0414A7923143CC9002DE53C /* PBXContainerItemProxy */;
		};
/* End PBXTargetDependency section */

/* Begin XCBuildConfiguration section */
		A0414A7F23143CC9002DE53C /* Debug */ = {
			isa = XCBuildConfiguration;
			buildSettings = {
				ALWAYS_SEARCH_USER_PATHS = NO;
				CLANG_ANALYZER_NONNULL = YES;
				CLANG_ANALYZER_NUMBER_OBJECT_CONVERSION = YES_AGGRESSIVE;
				CLANG_CXX_LANGUAGE_STANDARD = "gnu++14";
				CLANG_CXX_LIBRARY = "libc++";
				CLANG_ENABLE_MODULES = YES;
				CLANG_ENABLE_OBJC_ARC = YES;
				CLANG_ENABLE_OBJC_WEAK = YES;
				CLANG_WARN_BLOCK_CAPTURE_AUTORELEASING = YES;
				CLANG_WARN_BOOL_CONVERSION = YES;
				CLANG_WARN_COMMA = YES;
				CLANG_WARN_CONSTANT_CONVERSION = YES;
				CLANG_WARN_DEPRECATED_OBJC_IMPLEMENTATIONS = YES;
				CLANG_WARN_DIRECT_OBJC_ISA_USAGE = YES_ERROR;
				CLANG_WARN_DOCUMENTATION_COMMENTS = YES;
				CLANG_WARN_EMPTY_BODY = YES;
				CLANG_WARN_ENUM_CONVERSION = YES;
				CLANG_WARN_INFINITE_RECURSION = YES;
				CLANG_WARN_INT_CONVERSION = YES;
				CLANG_WARN_NON_LITERAL_NULL_CONVERSION = YES;
				CLANG_WARN_OBJC_IMPLICIT_RETAIN_SELF = YES;
				CLANG_WARN_OBJC_LITERAL_CONVERSION = YES;
				CLANG_WARN_OBJC_ROOT_CLASS = YES_ERROR;
				CLANG_WARN_RANGE_LOOP_ANALYSIS = YES;
				CLANG_WARN_STRICT_PROTOTYPES = YES;
				CLANG_WARN_SUSPICIOUS_MOVE = YES;
				CLANG_WARN_UNGUARDED_AVAILABILITY = YES_AGGRESSIVE;
				CLANG_WARN_UNREACHABLE_CODE = YES;
				CLANG_WARN__DUPLICATE_METHOD_MATCH = YES;
				CODE_SIGN_IDENTITY = "iPhone Developer";
				COPY_PHASE_STRIP = NO;
				DEBUG_INFORMATION_FORMAT = dwarf;
				ENABLE_STRICT_OBJC_MSGSEND = YES;
				ENABLE_TESTABILITY = YES;
				GCC_C_LANGUAGE_STANDARD = gnu11;
				GCC_DYNAMIC_NO_PIC = NO;
				GCC_NO_COMMON_BLOCKS = YES;
				GCC_OPTIMIZATION_LEVEL = 0;
				GCC_PREPROCESSOR_DEFINITIONS = (
					"DEBUG=1",
					"$(inherited)",
				);
				GCC_WARN_64_TO_32_BIT_CONVERSION = YES;
				GCC_WARN_ABOUT_RETURN_TYPE = YES_ERROR;
				GCC_WARN_UNDECLARED_SELECTOR = YES;
				GCC_WARN_UNINITIALIZED_AUTOS = YES_AGGRESSIVE;
				GCC_WARN_UNUSED_FUNCTION = YES;
				GCC_WARN_UNUSED_VARIABLE = YES;
				IPHONEOS_DEPLOYMENT_TARGET = 12.2;
				MTL_ENABLE_DEBUG_INFO = INCLUDE_SOURCE;
				MTL_FAST_MATH = YES;
				ONLY_ACTIVE_ARCH = YES;
				SDKROOT = iphoneos;
				SWIFT_ACTIVE_COMPILATION_CONDITIONS = DEBUG;
				SWIFT_OPTIMIZATION_LEVEL = "-Onone";
			};
			name = Debug;
		};
		A0414A8023143CC9002DE53C /* Release */ = {
			isa = XCBuildConfiguration;
			buildSettings = {
				ALWAYS_SEARCH_USER_PATHS = NO;
				CLANG_ANALYZER_NONNULL = YES;
				CLANG_ANALYZER_NUMBER_OBJECT_CONVERSION = YES_AGGRESSIVE;
				CLANG_CXX_LANGUAGE_STANDARD = "gnu++14";
				CLANG_CXX_LIBRARY = "libc++";
				CLANG_ENABLE_MODULES = YES;
				CLANG_ENABLE_OBJC_ARC = YES;
				CLANG_ENABLE_OBJC_WEAK = YES;
				CLANG_WARN_BLOCK_CAPTURE_AUTORELEASING = YES;
				CLANG_WARN_BOOL_CONVERSION = YES;
				CLANG_WARN_COMMA = YES;
				CLANG_WARN_CONSTANT_CONVERSION = YES;
				CLANG_WARN_DEPRECATED_OBJC_IMPLEMENTATIONS = YES;
				CLANG_WARN_DIRECT_OBJC_ISA_USAGE = YES_ERROR;
				CLANG_WARN_DOCUMENTATION_COMMENTS = YES;
				CLANG_WARN_EMPTY_BODY = YES;
				CLANG_WARN_ENUM_CONVERSION = YES;
				CLANG_WARN_INFINITE_RECURSION = YES;
				CLANG_WARN_INT_CONVERSION = YES;
				CLANG_WARN_NON_LITERAL_NULL_CONVERSION = YES;
				CLANG_WARN_OBJC_IMPLICIT_RETAIN_SELF = YES;
				CLANG_WARN_OBJC_LITERAL_CONVERSION = YES;
				CLANG_WARN_OBJC_ROOT_CLASS = YES_ERROR;
				CLANG_WARN_RANGE_LOOP_ANALYSIS = YES;
				CLANG_WARN_STRICT_PROTOTYPES = YES;
				CLANG_WARN_SUSPICIOUS_MOVE = YES;
				CLANG_WARN_UNGUARDED_AVAILABILITY = YES_AGGRESSIVE;
				CLANG_WARN_UNREACHABLE_CODE = YES;
				CLANG_WARN__DUPLICATE_METHOD_MATCH = YES;
				CODE_SIGN_IDENTITY = "iPhone Developer";
				COPY_PHASE_STRIP = NO;
				DEBUG_INFORMATION_FORMAT = "dwarf-with-dsym";
				ENABLE_NS_ASSERTIONS = NO;
				ENABLE_STRICT_OBJC_MSGSEND = YES;
				GCC_C_LANGUAGE_STANDARD = gnu11;
				GCC_NO_COMMON_BLOCKS = YES;
				GCC_WARN_64_TO_32_BIT_CONVERSION = YES;
				GCC_WARN_ABOUT_RETURN_TYPE = YES_ERROR;
				GCC_WARN_UNDECLARED_SELECTOR = YES;
				GCC_WARN_UNINITIALIZED_AUTOS = YES_AGGRESSIVE;
				GCC_WARN_UNUSED_FUNCTION = YES;
				GCC_WARN_UNUSED_VARIABLE = YES;
				IPHONEOS_DEPLOYMENT_TARGET = 12.2;
				MTL_ENABLE_DEBUG_INFO = NO;
				MTL_FAST_MATH = YES;
				SDKROOT = iphoneos;
				SWIFT_COMPILATION_MODE = wholemodule;
				SWIFT_OPTIMIZATION_LEVEL = "-O";
				VALIDATE_PRODUCT = YES;
			};
			name = Release;
		};
		A0414A8223143CC9002DE53C /* Debug */ = {
			isa = XCBuildConfiguration;
			baseConfigurationReference = A083959A9F134A85D08FB1E7 /* Pods-swipe_card_UI.debug.xcconfig */;
			buildSettings = {
				ASSETCATALOG_COMPILER_APPICON_NAME = AppIcon;
				CODE_SIGN_STYLE = Automatic;
				DEVELOPMENT_TEAM = FA25E4B77Y;
				INFOPLIST_FILE = swipe_card_UI/Info.plist;
				LD_RUNPATH_SEARCH_PATHS = (
					"$(inherited)",
					"@executable_path/Frameworks",
				);
				PRODUCT_BUNDLE_IDENTIFIER = "JAS2020.swipe-card-UI";
				PRODUCT_NAME = "$(TARGET_NAME)";
				SWIFT_VERSION = 5.0;
				TARGETED_DEVICE_FAMILY = "1,2";
			};
			name = Debug;
		};
		A0414A8323143CC9002DE53C /* Release */ = {
			isa = XCBuildConfiguration;
			baseConfigurationReference = D96D750FB1AD4818DC609734 /* Pods-swipe_card_UI.release.xcconfig */;
			buildSettings = {
				ASSETCATALOG_COMPILER_APPICON_NAME = AppIcon;
				CODE_SIGN_STYLE = Automatic;
				DEVELOPMENT_TEAM = FA25E4B77Y;
				INFOPLIST_FILE = swipe_card_UI/Info.plist;
				LD_RUNPATH_SEARCH_PATHS = (
					"$(inherited)",
					"@executable_path/Frameworks",
				);
				PRODUCT_BUNDLE_IDENTIFIER = "JAS2020.swipe-card-UI";
				PRODUCT_NAME = "$(TARGET_NAME)";
				SWIFT_VERSION = 5.0;
				TARGETED_DEVICE_FAMILY = "1,2";
			};
			name = Release;
		};
		A0414A8523143CC9002DE53C /* Debug */ = {
			isa = XCBuildConfiguration;
			baseConfigurationReference = 92AD2B2735AC122D73D67090 /* Pods-swipe_card_UITests.debug.xcconfig */;
			buildSettings = {
				ALWAYS_EMBED_SWIFT_STANDARD_LIBRARIES = YES;
				BUNDLE_LOADER = "$(TEST_HOST)";
				CODE_SIGN_STYLE = Automatic;
				DEVELOPMENT_TEAM = FA25E4B77Y;
				INFOPLIST_FILE = swipe_card_UITests/Info.plist;
				LD_RUNPATH_SEARCH_PATHS = (
					"$(inherited)",
					"@executable_path/Frameworks",
					"@loader_path/Frameworks",
				);
				PRODUCT_BUNDLE_IDENTIFIER = "JAS2019.swipe-card-UITests";
				PRODUCT_NAME = "$(TARGET_NAME)";
				SWIFT_VERSION = 5.0;
				TARGETED_DEVICE_FAMILY = "1,2";
				TEST_HOST = "$(BUILT_PRODUCTS_DIR)/swipe_card_UI.app/swipe_card_UI";
			};
			name = Debug;
		};
		A0414A8623143CC9002DE53C /* Release */ = {
			isa = XCBuildConfiguration;
			baseConfigurationReference = D745A9AD7B83691A24D03801 /* Pods-swipe_card_UITests.release.xcconfig */;
			buildSettings = {
				ALWAYS_EMBED_SWIFT_STANDARD_LIBRARIES = YES;
				BUNDLE_LOADER = "$(TEST_HOST)";
				CODE_SIGN_STYLE = Automatic;
				DEVELOPMENT_TEAM = FA25E4B77Y;
				INFOPLIST_FILE = swipe_card_UITests/Info.plist;
				LD_RUNPATH_SEARCH_PATHS = (
					"$(inherited)",
					"@executable_path/Frameworks",
					"@loader_path/Frameworks",
				);
				PRODUCT_BUNDLE_IDENTIFIER = "JAS2019.swipe-card-UITests";
				PRODUCT_NAME = "$(TARGET_NAME)";
				SWIFT_VERSION = 5.0;
				TARGETED_DEVICE_FAMILY = "1,2";
				TEST_HOST = "$(BUILT_PRODUCTS_DIR)/swipe_card_UI.app/swipe_card_UI";
			};
			name = Release;
		};
		A0414A8823143CC9002DE53C /* Debug */ = {
			isa = XCBuildConfiguration;
			baseConfigurationReference = B70284FA7E6BCD52CE020EE7 /* Pods-swipe_card_UI-swipe_card_UIUITests.debug.xcconfig */;
			buildSettings = {
				ALWAYS_EMBED_SWIFT_STANDARD_LIBRARIES = YES;
				CODE_SIGN_STYLE = Automatic;
				DEVELOPMENT_TEAM = FA25E4B77Y;
				INFOPLIST_FILE = swipe_card_UIUITests/Info.plist;
				LD_RUNPATH_SEARCH_PATHS = (
					"$(inherited)",
					"@executable_path/Frameworks",
					"@loader_path/Frameworks",
				);
				PRODUCT_BUNDLE_IDENTIFIER = "JAS2019.swipe-card-UIUITests";
				PRODUCT_NAME = "$(TARGET_NAME)";
				SWIFT_VERSION = 5.0;
				TARGETED_DEVICE_FAMILY = "1,2";
				TEST_TARGET_NAME = swipe_card_UI;
			};
			name = Debug;
		};
		A0414A8923143CC9002DE53C /* Release */ = {
			isa = XCBuildConfiguration;
			baseConfigurationReference = B416B0CE6FB2606D48D340E8 /* Pods-swipe_card_UI-swipe_card_UIUITests.release.xcconfig */;
			buildSettings = {
				ALWAYS_EMBED_SWIFT_STANDARD_LIBRARIES = YES;
				CODE_SIGN_STYLE = Automatic;
				DEVELOPMENT_TEAM = FA25E4B77Y;
				INFOPLIST_FILE = swipe_card_UIUITests/Info.plist;
				LD_RUNPATH_SEARCH_PATHS = (
					"$(inherited)",
					"@executable_path/Frameworks",
					"@loader_path/Frameworks",
				);
				PRODUCT_BUNDLE_IDENTIFIER = "JAS2019.swipe-card-UIUITests";
				PRODUCT_NAME = "$(TARGET_NAME)";
				SWIFT_VERSION = 5.0;
				TARGETED_DEVICE_FAMILY = "1,2";
				TEST_TARGET_NAME = swipe_card_UI;
			};
			name = Release;
		};
/* End XCBuildConfiguration section */

/* Begin XCConfigurationList section */
		A0414A5423143CC8002DE53C /* Build configuration list for PBXProject "swipe_card_UI" */ = {
			isa = XCConfigurationList;
			buildConfigurations = (
				A0414A7F23143CC9002DE53C /* Debug */,
				A0414A8023143CC9002DE53C /* Release */,
			);
			defaultConfigurationIsVisible = 0;
			defaultConfigurationName = Release;
		};
		A0414A8123143CC9002DE53C /* Build configuration list for PBXNativeTarget "swipe_card_UI" */ = {
			isa = XCConfigurationList;
			buildConfigurations = (
				A0414A8223143CC9002DE53C /* Debug */,
				A0414A8323143CC9002DE53C /* Release */,
			);
			defaultConfigurationIsVisible = 0;
			defaultConfigurationName = Release;
		};
		A0414A8423143CC9002DE53C /* Build configuration list for PBXNativeTarget "swipe_card_UITests" */ = {
			isa = XCConfigurationList;
			buildConfigurations = (
				A0414A8523143CC9002DE53C /* Debug */,
				A0414A8623143CC9002DE53C /* Release */,
			);
			defaultConfigurationIsVisible = 0;
			defaultConfigurationName = Release;
		};
		A0414A8723143CC9002DE53C /* Build configuration list for PBXNativeTarget "swipe_card_UIUITests" */ = {
			isa = XCConfigurationList;
			buildConfigurations = (
				A0414A8823143CC9002DE53C /* Debug */,
				A0414A8923143CC9002DE53C /* Release */,
			);
			defaultConfigurationIsVisible = 0;
			defaultConfigurationName = Release;
		};
/* End XCConfigurationList section */
	};
	rootObject = A0414A5123143CC8002DE53C /* Project object */;
}
